
Microsoft Visual Studio Solution File, Format Version 12.00
# Visual Studio Version 17
VisualStudioVersion = 17.0.31919.166
MinimumVisualStudioVersion = 10.0.40219.1
Project("{FAE04EC0-301F-11D3-BF4B-00C04F79EFBC}") = "MazeRunner", "MazeRunner\MazeRunner.csproj", "{8AA839ED-9B13-4A93-8453-7B7407ADA7B4}"
EndProject
Project("{FAE04EC0-301F-11D3-BF4B-00C04F79EFBC}") = "Fibonacci", "Fibonacci\Fibonacci.csproj", "{732E46AF-1E4F-4C6C-96F7-EED503CC5503}"
EndProject
Global
	GlobalSection(SolutionConfigurationPlatforms) = preSolution
		Debug|Any CPU = Debug|Any CPU
		Release|Any CPU = Release|Any CPU
	EndGlobalSection
	GlobalSection(ProjectConfigurationPlatforms) = postSolution
		{8AA839ED-9B13-4A93-8453-7B7407ADA7B4}.Debug|Any CPU.ActiveCfg = Debug|Any CPU
		{8AA839ED-9B13-4A93-8453-7B7407ADA7B4}.Debug|Any CPU.Build.0 = Debug|Any CPU
		{8AA839ED-9B13-4A93-8453-7B7407ADA7B4}.Release|Any CPU.ActiveCfg = Release|Any CPU
		{8AA839ED-9B13-4A93-8453-7B7407ADA7B4}.Release|Any CPU.Build.0 = Release|Any CPU
		{732E46AF-1E4F-4C6C-96F7-EED503CC5503}.Debug|Any CPU.ActiveCfg = Debug|Any CPU
		{732E46AF-1E4F-4C6C-96F7-EED503CC5503}.Debug|Any CPU.Build.0 = Debug|Any CPU
		{732E46AF-1E4F-4C6C-96F7-EED503CC5503}.Release|Any CPU.ActiveCfg = Release|Any CPU
		{732E46AF-1E4F-4C6C-96F7-EED503CC5503}.Release|Any CPU.Build.0 = Release|Any CPU
	EndGlobalSection
	GlobalSection(SolutionProperties) = preSolution
		HideSolutionNode = FALSE
	EndGlobalSection
	GlobalSection(ExtensibilityGlobals) = postSolution
		SolutionGuid = {E08030EB-31F9-4AC5-ACDD-A203850575F7}
	EndGlobalSection
EndGlobal
